<Solution>
  <Folder Name="/apps/" />
  <Folder Name="/apps/desktop/">
    <Project Path="apps/desktop/Campus.Desktop/Campus.Desktop.csproj" />
  </Folder>
  <Folder Name="/core/">
    <Project Path="core/Campus.Domain/Campus.Domain.csproj" />
    <Project Path="core/Campus.Platform.Windows/Campus.Platform.Windows.csproj" />
    <Project Path="core/Campus.Storage/Campus.Storage.csproj" />
    <Project Path="core/Campus.Vault/Campus.Vault.csproj" />
  </Folder>
  <Folder Name="/tests/">
    <Project Path="tests/Campus.Core.Tests/Campus.Core.Tests.csproj" />
  </Folder>
</Solution>
